<?xml version="1.0" encoding="utf-8"?>
<Project ToolsVersion="4.0" xmlns="http://schemas.microsoft.com/developer/msbuild/2003">
  <ItemGroup>
    <Filter Include="Source Files">
      <UniqueIdentifier>{4FC737F1-C7A5-4376-A066-2A32D752A2FF}</UniqueIdentifier>
      <Extensions>cpp;c;cc;cxx;def;odl;idl;hpj;bat;asm;asmx</Extensions>
    </Filter>
    <Filter Include="Header Files">
      <UniqueIdentifier>{93995380-89BD-4b04-88EB-625FBE52EBFB}</UniqueIdentifier>
      <Extensions>h;hh;hpp;hxx;hm;inl;inc;xsd</Extensions>
    </Filter>
    <Filter Include="Source Files\Resource Files">
      <UniqueIdentifier>{67DA6AB6-F800-4c08-8B7A-83BB121AAD01}</UniqueIdentifier>
      <Extensions>rc;ico;cur;bmp;dlg;rc2;rct;bin;rgs;gif;jpg;jpeg;jpe;resx;tiff;tif;png;wav;mfcribbon-ms</Extensions>
    </Filter>
  </ItemGroup>
  <ItemGroup>
    <ClCompile Include="Actor.cpp">
      <Filter>Source Files</Filter>
    </ClCompile>
    <ClCompile Include="Bogeymen.cpp">
      <Filter>Source Files</Filter>
    </ClCompile>
    <ClCompile Include="Dragons.cpp">
      <Filter>Source Files</Filter>
    </ClCompile>
    <ClCompile Include="enhence_dexterity.cpp">
      <Filter>Source Files</Filter>
    </ClCompile>
    <ClCompile Include="enhence_health.cpp">
      <Filter>Source Files</Filter>
    </ClCompile>
    <ClCompile Include="Game.cpp">
      <Filter>Source Files</Filter>
    </ClCompile>
    <ClCompile Include="Gameobject.cpp">
      <Filter>Source Files</Filter>
    </ClCompile>
    <ClCompile Include="Goblins.cpp">
      <Filter>Source Files</Filter>
    </ClCompile>
    <ClCompile Include="improve_armor.cpp">
      <Filter>Source Files</Filter>
    </ClCompile>
    <ClCompile Include="main.cpp">
      <Filter>Source Files</Filter>
    </ClCompile>
    <ClCompile Include="Monster.cpp">
      <Filter>Source Files</Filter>
    </ClCompile>
    <ClCompile Include="Pit.cpp">
      <Filter>Source Files</Filter>
    </ClCompile>
    <ClCompile Include="Player.cpp">
      <Filter>Source Files</Filter>
    </ClCompile>
    <ClCompile Include="raise_strength.cpp">
      <Filter>Source Files</Filter>
    </ClCompile>
    <ClCompile Include="Scrolls.cpp">
      <Filter>Source Files</Filter>
    </ClCompile>
    <ClCompile Include="Snakewomen.cpp">
      <Filter>Source Files</Filter>
    </ClCompile>
    <ClCompile Include="teleportation.cpp">
      <Filter>Source Files</Filter>
    </ClCompile>
    <ClCompile Include="utilities.cpp">
      <Filter>Source Files</Filter>
    </ClCompile>
    <ClCompile Include="Weapon.cpp">
      <Filter>Source Files</Filter>
    </ClCompile>
    <ClCompile Include="Maces.cpp">
      <Filter>Source Files</Filter>
    </ClCompile>
    <ClCompile Include="Shortsword.cpp">
      <Filter>Source Files</Filter>
    </ClCompile>
    <ClCompile Include="Longswort.cpp">
      <Filter>Source Files</Filter>
    </ClCompile>
    <ClCompile Include="Magicaxces.cpp">
      <Filter>Source Files</Filter>
    </ClCompile>
    <ClCompile Include="Magic_fangs.cpp">
      <Filter>Source Files</Filter>
    </ClCompile>
    <ClCompile Include="Stairs.cpp">
      <Filter>Source Files</Filter>
    </ClCompile>
    <ClCompile Include="Goldidol.cpp">
      <Filter>Source Files</Filter>
    </ClCompile>
  </ItemGroup>
  <ItemGroup>
    <ClInclude Include="Actor.h">
      <Filter>Header Files</Filter>
    </ClInclude>
    <ClInclude Include="Bogeymen.h">
      <Filter>Header Files</Filter>
    </ClInclude>
    <ClInclude Include="Dragons.h">
      <Filter>Header Files</Filter>
    </ClInclude>
    <ClInclude Include="enhence_dexterity.h">
      <Filter>Header Files</Filter>
    </ClInclude>
    <ClInclude Include="enhence_health.h">
      <Filter>Header Files</Filter>
    </ClInclude>
    <ClInclude Include="Game.h">
      <Filter>Header Files</Filter>
    </ClInclude>
    <ClInclude Include="Gameobject.h">
      <Filter>Header Files</Filter>
    </ClInclude>
    <ClInclude Include="Goblins.h">
      <Filter>Header Files</Filter>
    </ClInclude>
    <ClInclude Include="improve_armor.h">
      <Filter>Header Files</Filter>
    </ClInclude>
    <ClInclude Include="Monster.h">
      <Filter>Header Files</Filter>
    </ClInclude>
    <ClInclude Include="Pit.h">
      <Filter>Header Files</Filter>
    </ClInclude>
    <ClInclude Include="Player.h">
      <Filter>Header Files</Filter>
    </ClInclude>
    <ClInclude Include="raise_strength.h">
      <Filter>Header Files</Filter>
    </ClInclude>
    <ClInclude Include="Scrolls.h">
      <Filter>Header Files</Filter>
    </ClInclude>
    <ClInclude Include="Snakewomen.h">
      <Filter>Header Files</Filter>
    </ClInclude>
    <ClInclude Include="teleportation.h">
      <Filter>Header Files</Filter>
    </ClInclude>
    <ClInclude Include="utilities.h">
      <Filter>Header Files</Filter>
    </ClInclude>
    <ClInclude Include="Weapon.h">
      <Filter>Header Files</Filter>
    </ClInclude>
    <ClInclude Include="Maces.h">
      <Filter>Header Files</Filter>
    </ClInclude>
    <ClInclude Include="Shortsword.h">
      <Filter>Header Files</Filter>
    </ClInclude>
    <ClInclude Include="Longswort.h">
      <Filter>Header Files</Filter>
    </ClInclude>
    <ClInclude Include="Magicaxces.h">
      <Filter>Header Files</Filter>
    </ClInclude>
    <ClInclude Include="Magic_fangs.h">
      <Filter>Header Files</Filter>
    </ClInclude>
    <ClInclude Include="Stairs.h">
      <Filter>Header Files</Filter>
    </ClInclude>
    <ClInclude Include="Goldidol.h">
      <Filter>Header Files</Filter>
    </ClInclude>
  </ItemGroup>
</Project>